// !$*UTF8*$!
{
	archiveVersion = 1;
	classes = {
	};
	objectVersion = 46;
	objects = {

/* Begin PBXBuildFile section */
		2FE68E22193ED10300A68D7E /* Foundation.framework in Frameworks */ = {isa = PBXBuildFile; fileRef = 2FE68E21193ED10300A68D7E /* Foundation.framework */; };
		2FE68E24193ED10300A68D7E /* CoreGraphics.framework in Frameworks */ = {isa = PBXBuildFile; fileRef = 2FE68E23193ED10300A68D7E /* CoreGraphics.framework */; };
		2FE68E26193ED10300A68D7E /* UIKit.framework in Frameworks */ = {isa = PBXBuildFile; fileRef = 2FE68E25193ED10300A68D7E /* UIKit.framework */; };
		2FE68E2C193ED10300A68D7E /* InfoPlist.strings in Resources */ = {isa = PBXBuildFile; fileRef = 2FE68E2A193ED10300A68D7E /* InfoPlist.strings */; };
		2FE68E2E193ED10300A68D7E /* main.m in Sources */ = {isa = PBXBuildFile; fileRef = 2FE68E2D193ED10300A68D7E /* main.m */; };
		2FE68E32193ED10300A68D7E /* AppDelegate.m in Sources */ = {isa = PBXBuildFile; fileRef = 2FE68E31193ED10300A68D7E /* AppDelegate.m */; };
		2FE68E34193ED10300A68D7E /* Images.xcassets in Resources */ = {isa = PBXBuildFile; fileRef = 2FE68E33193ED10300A68D7E /* Images.xcassets */; };
		2FE68E3B193ED10300A68D7E /* XCTest.framework in Frameworks */ = {isa = PBXBuildFile; fileRef = 2FE68E3A193ED10300A68D7E /* XCTest.framework */; };
		2FE68E3C193ED10300A68D7E /* Foundation.framework in Frameworks */ = {isa = PBXBuildFile; fileRef = 2FE68E21193ED10300A68D7E /* Foundation.framework */; };
		2FE68E3D193ED10300A68D7E /* UIKit.framework in Frameworks */ = {isa = PBXBuildFile; fileRef = 2FE68E25193ED10300A68D7E /* UIKit.framework */; };
		2FE68E45193ED10300A68D7E /* InfoPlist.strings in Resources */ = {isa = PBXBuildFile; fileRef = 2FE68E43193ED10300A68D7E /* InfoPlist.strings */; };
		2FE68E47193ED10300A68D7E /* QuickTipCalculatorTests.m in Sources */ = {isa = PBXBuildFile; fileRef = 2FE68E46193ED10300A68D7E /* QuickTipCalculatorTests.m */; };
/* End PBXBuildFile section */

/* Begin PBXContainerItemProxy section */
		2FE68E3E193ED10300A68D7E /* PBXContainerItemProxy */ = {
			isa = PBXContainerItemProxy;
			containerPortal = 2FE68E16193ED10300A68D7E /* Project object */;
			proxyType = 1;
			remoteGlobalIDString = 2FE68E1D193ED10300A68D7E;
			remoteInfo = QuickTipCalculator;
		};
/* End PBXContainerItemProxy section */

/* Begin PBXFileReference section */
		2FE68E1E193ED10300A68D7E /* QuickTipCalculator.app */ = {isa = PBXFileReference; explicitFileType = wrapper.application; includeInIndex = 0; path = QuickTipCalculator.app; sourceTree = BUILT_PRODUCTS_DIR; };
		2FE68E21193ED10300A68D7E /* Foundation.framework */ = {isa = PBXFileReference; lastKnownFileType = wrapper.framework; name = Foundation.framework; path = System/Library/Frameworks/Foundation.framework; sourceTree = SDKROOT; };
		2FE68E23193ED10300A68D7E /* CoreGraphics.framework */ = {isa = PBXFileReference; lastKnownFileType = wrapper.framework; name = CoreGraphics.framework; path = System/Library/Frameworks/CoreGraphics.framework; sourceTree = SDKROOT; };
		2FE68E25193ED10300A68D7E /* UIKit.framework */ = {isa = PBXFileReference; lastKnownFileType = wrapper.framework; name = UIKit.framework; path = System/Library/Frameworks/UIKit.framework; sourceTree = SDKROOT; };
		2FE68E29193ED10300A68D7E /* QuickTipCalculator-Info.plist */ = {isa = PBXFileReference; lastKnownFileType = text.plist.xml; path = "QuickTipCalculator-Info.plist"; sourceTree = "<group>"; };
		2FE68E2B193ED10300A68D7E /* en */ = {isa = PBXFileReference; lastKnownFileType = text.plist.strings; name = en; path = en.lproj/InfoPlist.strings; sourceTree = "<group>"; };
		2FE68E2D193ED10300A68D7E /* main.m */ = {isa = PBXFileReference; lastKnownFileType = sourcecode.c.objc; path = main.m; sourceTree = "<group>"; };
		2FE68E2F193ED10300A68D7E /* QuickTipCalculator-Prefix.pch */ = {isa = PBXFileReference; lastKnownFileType = sourcecode.c.h; path = "QuickTipCalculator-Prefix.pch"; sourceTree = "<group>"; };
		2FE68E30193ED10300A68D7E /* AppDelegate.h */ = {isa = PBXFileReference; lastKnownFileType = sourcecode.c.h; path = AppDelegate.h; sourceTree = "<group>"; };
		2FE68E31193ED10300A68D7E /* AppDelegate.m */ = {isa = PBXFileReference; lastKnownFileType = sourcecode.c.objc; path = AppDelegate.m; sourceTree = "<group>"; };
		2FE68E33193ED10300A68D7E /* Images.xcassets */ = {isa = PBXFileReference; lastKnownFileType = folder.assetcatalog; path = Images.xcassets; sourceTree = "<group>"; };
		2FE68E39193ED10300A68D7E /* QuickTipCalculatorTests.xctest */ = {isa = PBXFileReference; explicitFileType = wrapper.cfbundle; includeInIndex = 0; path = QuickTipCalculatorTests.xctest; sourceTree = BUILT_PRODUCTS_DIR; };
		2FE68E3A193ED10300A68D7E /* XCTest.framework */ = {isa = PBXFileReference; lastKnownFileType = wrapper.framework; name = XCTest.framework; path = Library/Frameworks/XCTest.framework; sourceTree = DEVELOPER_DIR; };
		2FE68E42193ED10300A68D7E /* QuickTipCalculatorTests-Info.plist */ = {isa = PBXFileReference; lastKnownFileType = text.plist.xml; path = "QuickTipCalculatorTests-Info.plist"; sourceTree = "<group>"; };
		2FE68E44193ED10300A68D7E /* en */ = {isa = PBXFileReference; lastKnownFileType = text.plist.strings; name = en; path = en.lproj/InfoPlist.strings; sourceTree = "<group>"; };
		2FE68E46193ED10300A68D7E /* QuickTipCalculatorTests.m */ = {isa = PBXFileReference; lastKnownFileType = sourcecode.c.objc; path = QuickTipCalculatorTests.m; sourceTree = "<group>"; };
/* End PBXFileReference section */

/* Begin PBXFrameworksBuildPhase section */
		2FE68E1B193ED10300A68D7E /* Frameworks */ = {
			isa = PBXFrameworksBuildPhase;
			buildActionMask = 2147483647;
			files = (
				2FE68E24193ED10300A68D7E /* CoreGraphics.framework in Frameworks */,
				2FE68E26193ED10300A68D7E /* UIKit.framework in Frameworks */,
				2FE68E22193ED10300A68D7E /* Foundation.framework in Frameworks */,
			);
			runOnlyForDeploymentPostprocessing = 0;
		};
		2FE68E36193ED10300A68D7E /* Frameworks */ = {
			isa = PBXFrameworksBuildPhase;
			buildActionMask = 2147483647;
			files = (
				2FE68E3B193ED10300A68D7E /* XCTest.framework in Frameworks */,
				2FE68E3D193ED10300A68D7E /* UIKit.framework in Frameworks */,
				2FE68E3C193ED10300A68D7E /* Foundation.framework in Frameworks */,
			);
			runOnlyForDeploymentPostprocessing = 0;
		};
/* End PBXFrameworksBuildPhase section */

/* Begin PBXGroup section */
		2FE68E15193ED10300A68D7E = {
			isa = PBXGroup;
			children = (
				2FE68E27193ED10300A68D7E /* QuickTipCalculator */,
				2FE68E40193ED10300A68D7E /* QuickTipCalculatorTests */,
				2FE68E20193ED10300A68D7E /* Frameworks */,
				2FE68E1F193ED10300A68D7E /* Products */,
			);
			sourceTree = "<group>";
		};
		2FE68E1F193ED10300A68D7E /* Products */ = {
			isa = PBXGroup;
			children = (
				2FE68E1E193ED10300A68D7E /* QuickTipCalculator.app */,
				2FE68E39193ED10300A68D7E /* QuickTipCalculatorTests.xctest */,
			);
			name = Products;
			sourceTree = "<group>";
		};
		2FE68E20193ED10300A68D7E /* Frameworks */ = {
			isa = PBXGroup;
			children = (
				2FE68E21193ED10300A68D7E /* Foundation.framework */,
				2FE68E23193ED10300A68D7E /* CoreGraphics.framework */,
				2FE68E25193ED10300A68D7E /* UIKit.framework */,
				2FE68E3A193ED10300A68D7E /* XCTest.framework */,
			);
			name = Frameworks;
			sourceTree = "<group>";
		};
		2FE68E27193ED10300A68D7E /* QuickTipCalculator */ = {
			isa = PBXGroup;
			children = (
				2FE68E30193ED10300A68D7E /* AppDelegate.h */,
				2FE68E31193ED10300A68D7E /* AppDelegate.m */,
				2FE68E33193ED10300A68D7E /* Images.xcassets */,
				2FE68E28193ED10300A68D7E /* Supporting Files */,
			);
			path = QuickTipCalculator;
			sourceTree = "<group>";
		};
		2FE68E28193ED10300A68D7E /* Supporting Files */ = {
			isa = PBXGroup;
			children = (
				2FE68E29193ED10300A68D7E /* QuickTipCalculator-Info.plist */,
				2FE68E2A193ED10300A68D7E /* InfoPlist.strings */,
				2FE68E2D193ED10300A68D7E /* main.m */,
				2FE68E2F193ED10300A68D7E /* QuickTipCalculator-Prefix.pch */,
			);
			name = "Supporting Files";
			sourceTree = "<group>";
		};
		2FE68E40193ED10300A68D7E /* QuickTipCalculatorTests */ = {
			isa = PBXGroup;
			children = (
				2FE68E46193ED10300A68D7E /* QuickTipCalculatorTests.m */,
				2FE68E41193ED10300A68D7E /* Supporting Files */,
			);
			path = QuickTipCalculatorTests;
			sourceTree = "<group>";
		};
		2FE68E41193ED10300A68D7E /* Supporting Files */ = {
			isa = PBXGroup;
			children = (
				2FE68E42193ED10300A68D7E /* QuickTipCalculatorTests-Info.plist */,
				2FE68E43193ED10300A68D7E /* InfoPlist.strings */,
			);
			name = "Supporting Files";
			sourceTree = "<group>";
		};
/* End PBXGroup section */

/* Begin PBXNativeTarget section */
		2FE68E1D193ED10300A68D7E /* QuickTipCalculator */ = {
			isa = PBXNativeTarget;
			buildConfigurationList = 2FE68E4A193ED10300A68D7E /* Build configuration list for PBXNativeTarget "QuickTipCalculator" */;
			buildPhases = (
				2FE68E1A193ED10300A68D7E /* Sources */,
				2FE68E1B193ED10300A68D7E /* Frameworks */,
				2FE68E1C193ED10300A68D7E /* Resources */,
			);
			buildRules = (
			);
			dependencies = (
			);
			name = QuickTipCalculator;
			productName = QuickTipCalculator;
			productReference = 2FE68E1E193ED10300A68D7E /* QuickTipCalculator.app */;
			productType = "com.apple.product-type.application";
		};
		2FE68E38193ED10300A68D7E /* QuickTipCalculatorTests */ = {
			isa = PBXNativeTarget;
			buildConfigurationList = 2FE68E4D193ED10300A68D7E /* Build configuration list for PBXNativeTarget "QuickTipCalculatorTests" */;
			buildPhases = (
				2FE68E35193ED10300A68D7E /* Sources */,
				2FE68E36193ED10300A68D7E /* Frameworks */,
				2FE68E37193ED10300A68D7E /* Resources */,
			);
			buildRules = (
			);
			dependencies = (
				2FE68E3F193ED10300A68D7E /* PBXTargetDependency */,
			);
			name = QuickTipCalculatorTests;
			productName = QuickTipCalculatorTests;
			productReference = 2FE68E39193ED10300A68D7E /* QuickTipCalculatorTests.xctest */;
			productType = "com.apple.product-type.bundle.unit-test";
		};
/* End PBXNativeTarget section */

/* Begin PBXProject section */
		2FE68E16193ED10300A68D7E /* Project object */ = {
			isa = PBXProject;
			attributes = {
				LastUpgradeCheck = 0500;
				ORGANIZATIONNAME = "Helen Tse";
				TargetAttributes = {
					2FE68E38193ED10300A68D7E = {
						TestTargetID = 2FE68E1D193ED10300A68D7E;
					};
				};
			};
			buildConfigurationList = 2FE68E19193ED10300A68D7E /* Build configuration list for PBXProject "QuickTipCalculator" */;
			compatibilityVersion = "Xcode 3.2";
			developmentRegion = English;
			hasScannedForEncodings = 0;
			knownRegions = (
				en,
			);
			mainGroup = 2FE68E15193ED10300A68D7E;
			productRefGroup = 2FE68E1F193ED10300A68D7E /* Products */;
			projectDirPath = "";
			projectRoot = "";
			targets = (
				2FE68E1D193ED10300A68D7E /* QuickTipCalculator */,
				2FE68E38193ED10300A68D7E /* QuickTipCalculatorTests */,
			);
		};
/* End PBXProject section */

/* Begin PBXResourcesBuildPhase section */
		2FE68E1C193ED10300A68D7E /* Resources */ = {
			isa = PBXResourcesBuildPhase;
			buildActionMask = 2147483647;
			files = (
				2FE68E2C193ED10300A68D7E /* InfoPlist.strings in Resources */,
				2FE68E34193ED10300A68D7E /* Images.xcassets in Resources */,
			);
			runOnlyForDeploymentPostprocessing = 0;
		};
		2FE68E37193ED10300A68D7E /* Resources */ = {
			isa = PBXResourcesBuildPhase;
			buildActionMask = 2147483647;
			files = (
				2FE68E45193ED10300A68D7E /* InfoPlist.strings in Resources */,
			);
			runOnlyForDeploymentPostprocessing = 0;
		};
/* End PBXResourcesBuildPhase section */

/* Begin PBXSourcesBuildPhase section */
		2FE68E1A193ED10300A68D7E /* Sources */ = {
			isa = PBXSourcesBuildPhase;
			buildActionMask = 2147483647;
			files = (
				2FE68E32193ED10300A68D7E /* AppDelegate.m in Sources */,
				2FE68E2E193ED10300A68D7E /* main.m in Sources */,
			);
			runOnlyForDeploymentPostprocessing = 0;
		};
		2FE68E35193ED10300A68D7E /* Sources */ = {
			isa = PBXSourcesBuildPhase;
			buildActionMask = 2147483647;
			files = (
				2FE68E47193ED10300A68D7E /* QuickTipCalculatorTests.m in Sources */,
			);
			runOnlyForDeploymentPostprocessing = 0;
		};
/* End PBXSourcesBuildPhase section */

/* Begin PBXTargetDependency section */
		2FE68E3F193ED10300A68D7E /* PBXTargetDependency */ = {
			isa = PBXTargetDependency;
			target = 2FE68E1D193ED10300A68D7E /* QuickTipCalculator */;
			targetProxy = 2FE68E3E193ED10300A68D7E /* PBXContainerItemProxy */;
		};
/* End PBXTargetDependency section */

/* Begin PBXVariantGroup section */
		2FE68E2A193ED10300A68D7E /* InfoPlist.strings */ = {
			isa = PBXVariantGroup;
			children = (
				2FE68E2B193ED10300A68D7E /* en */,
			);
			name = InfoPlist.strings;
			sourceTree = "<group>";
		};
		2FE68E43193ED10300A68D7E /* InfoPlist.strings */ = {
			isa = PBXVariantGroup;
			children = (
				2FE68E44193ED10300A68D7E /* en */,
			);
			name = InfoPlist.strings;
			sourceTree = "<group>";
		};
/* End PBXVariantGroup section */

/* Begin XCBuildConfiguration section */
		2FE68E48193ED10300A68D7E /* Debug */ = {
			isa = XCBuildConfiguration;
			buildSettings = {
				ALWAYS_SEARCH_USER_PATHS = NO;
				ARCHS = "$(ARCHS_STANDARD_INCLUDING_64_BIT)";
				CLANG_CXX_LANGUAGE_STANDARD = "gnu++0x";
				CLANG_CXX_LIBRARY = "libc++";
				CLANG_ENABLE_MODULES = YES;
				CLANG_ENABLE_OBJC_ARC = YES;
				CLANG_WARN_BOOL_CONVERSION = YES;
				CLANG_WARN_CONSTANT_CONVERSION = YES;
				CLANG_WARN_DIRECT_OBJC_ISA_USAGE = YES_ERROR;
				CLANG_WARN_EMPTY_BODY = YES;
				CLANG_WARN_ENUM_CONVERSION = YES;
				CLANG_WARN_INT_CONVERSION = YES;
				CLANG_WARN_OBJC_ROOT_CLASS = YES_ERROR;
				CLANG_WARN__DUPLICATE_METHOD_MATCH = YES;
				"CODE_SIGN_IDENTITY[sdk=iphoneos*]" = "iPhone Developer";
				COPY_PHASE_STRIP = NO;
				GCC_C_LANGUAGE_STANDARD = gnu99;
				GCC_DYNAMIC_NO_PIC = NO;
				GCC_OPTIMIZATION_LEVEL = 0;
				GCC_PREPROCESSOR_DEFINITIONS = (
					"DEBUG=1",
					"$(inherited)",
				);
				GCC_SYMBOLS_PRIVATE_EXTERN = NO;
				GCC_WARN_64_TO_32_BIT_CONVERSION = YES;
				GCC_WARN_ABOUT_RETURN_TYPE = YES_ERROR;
				GCC_WARN_UNDECLARED_SELECTOR = YES;
				GCC_WARN_UNINITIALIZED_AUTOS = YES;
				GCC_WARN_UNUSED_FUNCTION = YES;
				GCC_WARN_UNUSED_VARIABLE = YES;
				IPHONEOS_DEPLOYMENT_TARGET = 7.0;
				ONLY_ACTIVE_ARCH = YES;
				SDKROOT = iphoneos;
				TARGETED_DEVICE_FAMILY = "1,2";
			};
			name = Debug;
		};
		2FE68E49193ED10300A68D7E /* Release */ = {
			isa = XCBuildConfiguration;
			buildSettings = {
				ALWAYS_SEARCH_USER_PATHS = NO;
				ARCHS = "$(ARCHS_STANDARD_INCLUDING_64_BIT)";
				CLANG_CXX_LANGUAGE_STANDARD = "gnu++0x";
				CLANG_CXX_LIBRARY = "libc++";
				CLANG_ENABLE_MODULES = YES;
				CLANG_ENABLE_OBJC_ARC = YES;
				CLANG_WARN_BOOL_CONVERSION = YES;
				CLANG_WARN_CONSTANT_CONVERSION = YES;
				CLANG_WARN_DIRECT_OBJC_ISA_USAGE = YES_ERROR;
				CLANG_WARN_EMPTY_BODY = YES;
				CLANG_WARN_ENUM_CONVERSION = YES;
				CLANG_WARN_INT_CONVERSION = YES;
				CLANG_WARN_OBJC_ROOT_CLASS = YES_ERROR;
				CLANG_WARN__DUPLICATE_METHOD_MATCH = YES;
				"CODE_SIGN_IDENTITY[sdk=iphoneos*]" = "iPhone Developer";
				COPY_PHASE_STRIP = YES;
				ENABLE_NS_ASSERTIONS = NO;
				GCC_C_LANGUAGE_STANDARD = gnu99;
				GCC_WARN_64_TO_32_BIT_CONVERSION = YES;
				GCC_WARN_ABOUT_RETURN_TYPE = YES_ERROR;
				GCC_WARN_UNDECLARED_SELECTOR = YES;
				GCC_WARN_UNINITIALIZED_AUTOS = YES;
				GCC_WARN_UNUSED_FUNCTION = YES;
				GCC_WARN_UNUSED_VARIABLE = YES;
				IPHONEOS_DEPLOYMENT_TARGET = 7.0;
				SDKROOT = iphoneos;
				TARGETED_DEVICE_FAMILY = "1,2";
				VALIDATE_PRODUCT = YES;
			};
			name = Release;
		};
		2FE68E4B193ED10300A68D7E /* Debug */ = {
			isa = XCBuildConfiguration;
			buildSettings = {
				ASSETCATALOG_COMPILER_APPICON_NAME = AppIcon;
				ASSETCATALOG_COMPILER_LAUNCHIMAGE_NAME = LaunchImage;
				GCC_PRECOMPILE_PREFIX_HEADER = YES;
				GCC_PREFIX_HEADER = "QuickTipCalculator/QuickTipCalculator-Prefix.pch";
				INFOPLIST_FILE = "QuickTipCalculator/QuickTipCalculator-Info.plist";
				PRODUCT_NAME = "$(TARGET_NAME)";
				WRAPPER_EXTENSION = app;
			};
			name = Debug;
		};
		2FE68E4C193ED10300A68D7E /* Release */ = {
			isa = XCBuildConfiguration;
			buildSettings = {
				ASSETCATALOG_COMPILER_APPICON_NAME = AppIcon;
				ASSETCATALOG_COMPILER_LAUNCHIMAGE_NAME = LaunchImage;
				GCC_PRECOMPILE_PREFIX_HEADER = YES;
				GCC_PREFIX_HEADER = "QuickTipCalculator/QuickTipCalculator-Prefix.pch";
				INFOPLIST_FILE = "QuickTipCalculator/QuickTipCalculator-Info.plist";
				PRODUCT_NAME = "$(TARGET_NAME)";
				WRAPPER_EXTENSION = app;
			};
			name = Release;
		};
		2FE68E4E193ED10300A68D7E /* Debug */ = {
			isa = XCBuildConfiguration;
			buildSettings = {
				ARCHS = "$(ARCHS_STANDARD_INCLUDING_64_BIT)";
				BUNDLE_LOADER = "$(BUILT_PRODUCTS_DIR)/QuickTipCalculator.app/QuickTipCalculator";
				FRAMEWORK_SEARCH_PATHS = (
					"$(SDKROOT)/Developer/Library/Frameworks",
					"$(inherited)",
					"$(DEVELOPER_FRAMEWORKS_DIR)",
				);
				GCC_PRECOMPILE_PREFIX_HEADER = YES;
				GCC_PREFIX_HEADER = "QuickTipCalculator/QuickTipCalculator-Prefix.pch";
				GCC_PREPROCESSOR_DEFINITIONS = (
					"DEBUG=1",
					"$(inherited)",
				);
				INFOPLIST_FILE = "QuickTipCalculatorTests/QuickTipCalculatorTests-Info.plist";
				PRODUCT_NAME = "$(TARGET_NAME)";
				TEST_HOST = "$(BUNDLE_LOADER)";
				WRAPPER_EXTENSION = xctest;
			};
			name = Debug;
		};
		2FE68E4F193ED10300A68D7E /* Release */ = {
			isa = XCBuildConfiguration;
			buildSettings = {
				ARCHS = "$(ARCHS_STANDARD_INCLUDING_64_BIT)";
				BUNDLE_LOADER = "$(BUILT_PRODUCTS_DIR)/QuickTipCalculator.app/QuickTipCalculator";
				FRAMEWORK_SEARCH_PATHS = (
					"$(SDKROOT)/Developer/Library/Frameworks",
					"$(inherited)",
					"$(DEVELOPER_FRAMEWORKS_DIR)",
				);
				GCC_PRECOMPILE_PREFIX_HEADER = YES;
				GCC_PREFIX_HEADER = "QuickTipCalculator/QuickTipCalculator-Prefix.pch";
				INFOPLIST_FILE = "QuickTipCalculatorTests/QuickTipCalculatorTests-Info.plist";
				PRODUCT_NAME = "$(TARGET_NAME)";
				TEST_HOST = "$(BUNDLE_LOADER)";
				WRAPPER_EXTENSION = xctest;
			};
			name = Release;
		};
/* End XCBuildConfiguration section */

/* Begin XCConfigurationList section */
		2FE68E19193ED10300A68D7E /* Build configuration list for PBXProject "QuickTipCalculator" */ = {
			isa = XCConfigurationList;
			buildConfigurations = (
				2FE68E48193ED10300A68D7E /* Debug */,
				2FE68E49193ED10300A68D7E /* Release */,
			);
			defaultConfigurationIsVisible = 0;
			defaultConfigurationName = Release;
		};
		2FE68E4A193ED10300A68D7E /* Build configuration list for PBXNativeTarget "QuickTipCalculator" */ = {
			isa = XCConfigurationList;
			buildConfigurations = (
				2FE68E4B193ED10300A68D7E /* Debug */,
				2FE68E4C193ED10300A68D7E /* Release */,
			);
			defaultConfigurationIsVisible = 0;
		};
		2FE68E4D193ED10300A68D7E /* Build configuration list for PBXNativeTarget "QuickTipCalculatorTests" */ = {
			isa = XCConfigurationList;
			buildConfigurations = (
				2FE68E4E193ED10300A68D7E /* Debug */,
				2FE68E4F193ED10300A68D7E /* Release */,
			);
			defaultConfigurationIsVisible = 0;
		};
/* End XCConfigurationList section */
	};
	rootObject = 2FE68E16193ED10300A68D7E /* Project object */;
}
